
Microsoft Visual Studio Solution File, Format Version 12.00
# Visual Studio Version 17
VisualStudioVersion = 17.4.33205.214
MinimumVisualStudioVersion = 10.0.40219.1
Project("{FAE04EC0-301F-11D3-BF4B-00C04F79EFBC}") = "ConsoleApp1", "ConsoleApp1\ConsoleApp1.csproj", "{251D8E72-8B58-4A98-A19F-49DE89886C10}"
EndProject
Global
	GlobalSection(SolutionConfigurationPlatforms) = preSolution
		Debug|Any CPU = Debug|Any CPU
		Release|Any CPU = Release|Any CPU
	EndGlobalSection
	GlobalSection(ProjectConfigurationPlatforms) = postSolution
		{251D8E72-8B58-4A98-A19F-49DE89886C10}.Debug|Any CPU.ActiveCfg = Debug|Any CPU
		{251D8E72-8B58-4A98-A19F-49DE89886C10}.Debug|Any CPU.Build.0 = Debug|Any CPU
		{251D8E72-8B58-4A98-A19F-49DE89886C10}.Release|Any CPU.ActiveCfg = Release|Any CPU
		{251D8E72-8B58-4A98-A19F-49DE89886C10}.Release|Any CPU.Build.0 = Release|Any CPU
	EndGlobalSection
	GlobalSection(SolutionProperties) = preSolution
		HideSolutionNode = FALSE
	EndGlobalSection
	GlobalSection(ExtensibilityGlobals) = postSolution
		SolutionGuid = {6714F8D7-795E-46CD-A07C-0E966D11231F}
	EndGlobalSection
EndGlobal
